
Microsoft Visual Studio Solution File, Format Version 12.00
# Visual Studio Version 17
VisualStudioVersion = 17.9.34723.18
MinimumVisualStudioVersion = 10.0.40219.1
Project("{FAE04EC0-301F-11D3-BF4B-00C04F79EFBC}") = "EventMananger", "EventMananger\EventMananger.csproj", "{6C2BAC69-5F2C-4DBE-AA57-D4971DF2A632}"
EndProject
Global
	GlobalSection(SolutionConfigurationPlatforms) = preSolution
		Debug|Any CPU = Debug|Any CPU
		Release|Any CPU = Release|Any CPU
	EndGlobalSection
	GlobalSection(ProjectConfigurationPlatforms) = postSolution
		{6C2BAC69-5F2C-4DBE-AA57-D4971DF2A632}.Debug|Any CPU.ActiveCfg = Debug|Any CPU
		{6C2BAC69-5F2C-4DBE-AA57-D4971DF2A632}.Debug|Any CPU.Build.0 = Debug|Any CPU
		{6C2BAC69-5F2C-4DBE-AA57-D4971DF2A632}.Release|Any CPU.ActiveCfg = Release|Any CPU
		{6C2BAC69-5F2C-4DBE-AA57-D4971DF2A632}.Release|Any CPU.Build.0 = Release|Any CPU
	EndGlobalSection
	GlobalSection(SolutionProperties) = preSolution
		HideSolutionNode = FALSE
	EndGlobalSection
	GlobalSection(ExtensibilityGlobals) = postSolution
		SolutionGuid = {22A66143-EF3A-442C-AB44-BDE281149409}
	EndGlobalSection
EndGlobal
